// !$*UTF8*$!
{
	archiveVersion = 1;
	classes = {
	};
	objectVersion = 48;
	objects = {

/* Begin PBXBuildFile section */
		6331D1F720DE77AC000C1232 /* AppDelegate.swift in Sources */ = {isa = PBXBuildFile; fileRef = 6331D1F620DE77AC000C1232 /* AppDelegate.swift */; };
		6331D1F920DE77AC000C1232 /* FactSheetViewController.swift in Sources */ = {isa = PBXBuildFile; fileRef = 6331D1F820DE77AC000C1232 /* FactSheetViewController.swift */; };
		6331D1FE20DE77AC000C1232 /* Assets.xcassets in Resources */ = {isa = PBXBuildFile; fileRef = 6331D1FD20DE77AC000C1232 /* Assets.xcassets */; };
		6331D20120DE77AC000C1232 /* LaunchScreen.storyboard in Resources */ = {isa = PBXBuildFile; fileRef = 6331D1FF20DE77AC000C1232 /* LaunchScreen.storyboard */; };
		6331D20C20DE77AC000C1232 /* GeographicalFactSheetTests.swift in Sources */ = {isa = PBXBuildFile; fileRef = 6331D20B20DE77AC000C1232 /* GeographicalFactSheetTests.swift */; };
		6331D21920DE8F8C000C1232 /* FactSheet.swift in Sources */ = {isa = PBXBuildFile; fileRef = 6331D21820DE8F8C000C1232 /* FactSheet.swift */; };
		6331D22120DE9500000C1232 /* FactSheetService.swift in Sources */ = {isa = PBXBuildFile; fileRef = 6331D22020DE9500000C1232 /* FactSheetService.swift */; };
		6331D22320DEA530000C1232 /* FactTableViewCell.swift in Sources */ = {isa = PBXBuildFile; fileRef = 6331D22220DEA530000C1232 /* FactTableViewCell.swift */; };
		6331D22520DEA74E000C1232 /* placeholder.png in Resources */ = {isa = PBXBuildFile; fileRef = 6331D22420DEA74E000C1232 /* placeholder.png */; };
		6394476120DEC77500EEF695 /* Constants.swift in Sources */ = {isa = PBXBuildFile; fileRef = 6394476020DEC77500EEF695 /* Constants.swift */; };
		6394476320DECDFA00EEF695 /* noPhoto.png in Resources */ = {isa = PBXBuildFile; fileRef = 6394476220DECDFA00EEF695 /* noPhoto.png */; };
		674F4CE6C42D53F84BA72D6C /* Pods_GeographicalFactSheet.framework in Frameworks */ = {isa = PBXBuildFile; fileRef = 525F330EAD4DA6E745AE00D7 /* Pods_GeographicalFactSheet.framework */; };
		F6557A8C79034010C1D3339D /* Pods_GeographicalFactSheetTests.framework in Frameworks */ = {isa = PBXBuildFile; fileRef = E0AD8B1250AD1EE29E69084A /* Pods_GeographicalFactSheetTests.framework */; };
/* End PBXBuildFile section */

/* Begin PBXContainerItemProxy section */
		6331D20820DE77AC000C1232 /* PBXContainerItemProxy */ = {
			isa = PBXContainerItemProxy;
			containerPortal = 6331D1EB20DE77AC000C1232 /* Project object */;
			proxyType = 1;
			remoteGlobalIDString = 6331D1F220DE77AC000C1232;
			remoteInfo = GeographicalFactSheet;
		};
/* End PBXContainerItemProxy section */

/* Begin PBXFileReference section */
		07B4EE99278C351BF56C1EFB /* Pods-GeographicalFactSheet.release.xcconfig */ = {isa = PBXFileReference; includeInIndex = 1; lastKnownFileType = text.xcconfig; name = "Pods-GeographicalFactSheet.release.xcconfig"; path = "Pods/Target Support Files/Pods-GeographicalFactSheet/Pods-GeographicalFactSheet.release.xcconfig"; sourceTree = "<group>"; };
		525F330EAD4DA6E745AE00D7 /* Pods_GeographicalFactSheet.framework */ = {isa = PBXFileReference; explicitFileType = wrapper.framework; includeInIndex = 0; path = Pods_GeographicalFactSheet.framework; sourceTree = BUILT_PRODUCTS_DIR; };
		6331D1F320DE77AC000C1232 /* GeographicalFactSheet.app */ = {isa = PBXFileReference; explicitFileType = wrapper.application; includeInIndex = 0; path = GeographicalFactSheet.app; sourceTree = BUILT_PRODUCTS_DIR; };
		6331D1F620DE77AC000C1232 /* AppDelegate.swift */ = {isa = PBXFileReference; lastKnownFileType = sourcecode.swift; path = AppDelegate.swift; sourceTree = "<group>"; };
		6331D1F820DE77AC000C1232 /* FactSheetViewController.swift */ = {isa = PBXFileReference; lastKnownFileType = sourcecode.swift; path = FactSheetViewController.swift; sourceTree = "<group>"; };
		6331D1FD20DE77AC000C1232 /* Assets.xcassets */ = {isa = PBXFileReference; lastKnownFileType = folder.assetcatalog; path = Assets.xcassets; sourceTree = "<group>"; };
		6331D20020DE77AC000C1232 /* Base */ = {isa = PBXFileReference; lastKnownFileType = file.storyboard; name = Base; path = Base.lproj/LaunchScreen.storyboard; sourceTree = "<group>"; };
		6331D20220DE77AC000C1232 /* Info.plist */ = {isa = PBXFileReference; lastKnownFileType = text.plist.xml; path = Info.plist; sourceTree = "<group>"; };
		6331D20720DE77AC000C1232 /* GeographicalFactSheetTests.xctest */ = {isa = PBXFileReference; explicitFileType = wrapper.cfbundle; includeInIndex = 0; path = GeographicalFactSheetTests.xctest; sourceTree = BUILT_PRODUCTS_DIR; };
		6331D20B20DE77AC000C1232 /* GeographicalFactSheetTests.swift */ = {isa = PBXFileReference; lastKnownFileType = sourcecode.swift; path = GeographicalFactSheetTests.swift; sourceTree = "<group>"; };
		6331D20D20DE77AC000C1232 /* Info.plist */ = {isa = PBXFileReference; lastKnownFileType = text.plist.xml; path = Info.plist; sourceTree = "<group>"; };
		6331D21820DE8F8C000C1232 /* FactSheet.swift */ = {isa = PBXFileReference; lastKnownFileType = sourcecode.swift; path = FactSheet.swift; sourceTree = "<group>"; };
		6331D22020DE9500000C1232 /* FactSheetService.swift */ = {isa = PBXFileReference; lastKnownFileType = sourcecode.swift; path = FactSheetService.swift; sourceTree = "<group>"; };
		6331D22220DEA530000C1232 /* FactTableViewCell.swift */ = {isa = PBXFileReference; lastKnownFileType = sourcecode.swift; path = FactTableViewCell.swift; sourceTree = "<group>"; };
		6331D22420DEA74E000C1232 /* placeholder.png */ = {isa = PBXFileReference; lastKnownFileType = image.png; path = placeholder.png; sourceTree = "<group>"; };
		6394476020DEC77500EEF695 /* Constants.swift */ = {isa = PBXFileReference; lastKnownFileType = sourcecode.swift; path = Constants.swift; sourceTree = "<group>"; };
		6394476220DECDFA00EEF695 /* noPhoto.png */ = {isa = PBXFileReference; lastKnownFileType = image.png; path = noPhoto.png; sourceTree = "<group>"; };
		6DBEB38750083320DBB451EA /* Pods-GeographicalFactSheet.debug.xcconfig */ = {isa = PBXFileReference; includeInIndex = 1; lastKnownFileType = text.xcconfig; name = "Pods-GeographicalFactSheet.debug.xcconfig"; path = "Pods/Target Support Files/Pods-GeographicalFactSheet/Pods-GeographicalFactSheet.debug.xcconfig"; sourceTree = "<group>"; };
		B9AA6019B7F9D9A7FC259CCE /* Pods-GeographicalFactSheetTests.release.xcconfig */ = {isa = PBXFileReference; includeInIndex = 1; lastKnownFileType = text.xcconfig; name = "Pods-GeographicalFactSheetTests.release.xcconfig"; path = "Pods/Target Support Files/Pods-GeographicalFactSheetTests/Pods-GeographicalFactSheetTests.release.xcconfig"; sourceTree = "<group>"; };
		C73E0DDF334873C7EED14585 /* Pods-GeographicalFactSheetTests.debug.xcconfig */ = {isa = PBXFileReference; includeInIndex = 1; lastKnownFileType = text.xcconfig; name = "Pods-GeographicalFactSheetTests.debug.xcconfig"; path = "Pods/Target Support Files/Pods-GeographicalFactSheetTests/Pods-GeographicalFactSheetTests.debug.xcconfig"; sourceTree = "<group>"; };
		E0AD8B1250AD1EE29E69084A /* Pods_GeographicalFactSheetTests.framework */ = {isa = PBXFileReference; explicitFileType = wrapper.framework; includeInIndex = 0; path = Pods_GeographicalFactSheetTests.framework; sourceTree = BUILT_PRODUCTS_DIR; };
/* End PBXFileReference section */

/* Begin PBXFrameworksBuildPhase section */
		6331D1F020DE77AC000C1232 /* Frameworks */ = {
			isa = PBXFrameworksBuildPhase;
			buildActionMask = 2147483647;
			files = (
				674F4CE6C42D53F84BA72D6C /* Pods_GeographicalFactSheet.framework in Frameworks */,
			);
			runOnlyForDeploymentPostprocessing = 0;
		};
		6331D20420DE77AC000C1232 /* Frameworks */ = {
			isa = PBXFrameworksBuildPhase;
			buildActionMask = 2147483647;
			files = (
				F6557A8C79034010C1D3339D /* Pods_GeographicalFactSheetTests.framework in Frameworks */,
			);
			runOnlyForDeploymentPostprocessing = 0;
		};
/* End PBXFrameworksBuildPhase section */

/* Begin PBXGroup section */
		24259FC34398E479C7390F00 /* Frameworks */ = {
			isa = PBXGroup;
			children = (
				525F330EAD4DA6E745AE00D7 /* Pods_GeographicalFactSheet.framework */,
				E0AD8B1250AD1EE29E69084A /* Pods_GeographicalFactSheetTests.framework */,
			);
			name = Frameworks;
			sourceTree = "<group>";
		};
		6331D1EA20DE77AC000C1232 = {
			isa = PBXGroup;
			children = (
				6331D1F520DE77AC000C1232 /* GeographicalFactSheet */,
				6331D20A20DE77AC000C1232 /* GeographicalFactSheetTests */,
				6331D1F420DE77AC000C1232 /* Products */,
				9D1A9D8EFF1D9671119D7ADD /* Pods */,
				24259FC34398E479C7390F00 /* Frameworks */,
			);
			sourceTree = "<group>";
		};
		6331D1F420DE77AC000C1232 /* Products */ = {
			isa = PBXGroup;
			children = (
				6331D1F320DE77AC000C1232 /* GeographicalFactSheet.app */,
				6331D20720DE77AC000C1232 /* GeographicalFactSheetTests.xctest */,
			);
			name = Products;
			sourceTree = "<group>";
		};
		6331D1F520DE77AC000C1232 /* GeographicalFactSheet */ = {
			isa = PBXGroup;
			children = (
				6331D20220DE77AC000C1232 /* Info.plist */,
				6331D21A20DE8FBD000C1232 /* Model */,
				6331D21D20DE9018000C1232 /* ViewController */,
				6331D21F20DE9062000C1232 /* View */,
				6331D21E20DE9041000C1232 /* Service */,
				6331D21C20DE8FE0000C1232 /* Supporting Files */,
			);
			path = GeographicalFactSheet;
			sourceTree = "<group>";
		};
		6331D20A20DE77AC000C1232 /* GeographicalFactSheetTests */ = {
			isa = PBXGroup;
			children = (
				6331D20B20DE77AC000C1232 /* GeographicalFactSheetTests.swift */,
				6331D20D20DE77AC000C1232 /* Info.plist */,
			);
			path = GeographicalFactSheetTests;
			sourceTree = "<group>";
		};
		6331D21A20DE8FBD000C1232 /* Model */ = {
			isa = PBXGroup;
			children = (
				6331D21820DE8F8C000C1232 /* FactSheet.swift */,
			);
			path = Model;
			sourceTree = "<group>";
		};
		6331D21C20DE8FE0000C1232 /* Supporting Files */ = {
			isa = PBXGroup;
			children = (
				6394476220DECDFA00EEF695 /* noPhoto.png */,
				6331D22420DEA74E000C1232 /* placeholder.png */,
				6331D1F620DE77AC000C1232 /* AppDelegate.swift */,
				6331D1FD20DE77AC000C1232 /* Assets.xcassets */,
				6331D1FF20DE77AC000C1232 /* LaunchScreen.storyboard */,
				6394476020DEC77500EEF695 /* Constants.swift */,
			);
			path = "Supporting Files";
			sourceTree = "<group>";
		};
		6331D21D20DE9018000C1232 /* ViewController */ = {
			isa = PBXGroup;
			children = (
				6331D1F820DE77AC000C1232 /* FactSheetViewController.swift */,
			);
			path = ViewController;
			sourceTree = "<group>";
		};
		6331D21E20DE9041000C1232 /* Service */ = {
			isa = PBXGroup;
			children = (
				6331D22020DE9500000C1232 /* FactSheetService.swift */,
			);
			path = Service;
			sourceTree = "<group>";
		};
		6331D21F20DE9062000C1232 /* View */ = {
			isa = PBXGroup;
			children = (
				6331D22220DEA530000C1232 /* FactTableViewCell.swift */,
			);
			path = View;
			sourceTree = "<group>";
		};
		9D1A9D8EFF1D9671119D7ADD /* Pods */ = {
			isa = PBXGroup;
			children = (
				6DBEB38750083320DBB451EA /* Pods-GeographicalFactSheet.debug.xcconfig */,
				07B4EE99278C351BF56C1EFB /* Pods-GeographicalFactSheet.release.xcconfig */,
				C73E0DDF334873C7EED14585 /* Pods-GeographicalFactSheetTests.debug.xcconfig */,
				B9AA6019B7F9D9A7FC259CCE /* Pods-GeographicalFactSheetTests.release.xcconfig */,
			);
			name = Pods;
			sourceTree = "<group>";
		};
/* End PBXGroup section */

/* Begin PBXNativeTarget section */
		6331D1F220DE77AC000C1232 /* GeographicalFactSheet */ = {
			isa = PBXNativeTarget;
			buildConfigurationList = 6331D21020DE77AC000C1232 /* Build configuration list for PBXNativeTarget "GeographicalFactSheet" */;
			buildPhases = (
				6AA41CB94C271FFC13EB2ACF /* [CP] Check Pods Manifest.lock */,
				6331D1EF20DE77AC000C1232 /* Sources */,
				6331D1F020DE77AC000C1232 /* Frameworks */,
				6331D1F120DE77AC000C1232 /* Resources */,
				19D931429838FA92910832F2 /* [CP] Embed Pods Frameworks */,
			);
			buildRules = (
			);
			dependencies = (
			);
			name = GeographicalFactSheet;
			productName = GeographicalFactSheet;
			productReference = 6331D1F320DE77AC000C1232 /* GeographicalFactSheet.app */;
			productType = "com.apple.product-type.application";
		};
		6331D20620DE77AC000C1232 /* GeographicalFactSheetTests */ = {
			isa = PBXNativeTarget;
			buildConfigurationList = 6331D21320DE77AC000C1232 /* Build configuration list for PBXNativeTarget "GeographicalFactSheetTests" */;
			buildPhases = (
				B8341673AE4FEC09F018BD88 /* [CP] Check Pods Manifest.lock */,
				6331D20320DE77AC000C1232 /* Sources */,
				6331D20420DE77AC000C1232 /* Frameworks */,
				6331D20520DE77AC000C1232 /* Resources */,
			);
			buildRules = (
			);
			dependencies = (
				6331D20920DE77AC000C1232 /* PBXTargetDependency */,
			);
			name = GeographicalFactSheetTests;
			productName = GeographicalFactSheetTests;
			productReference = 6331D20720DE77AC000C1232 /* GeographicalFactSheetTests.xctest */;
			productType = "com.apple.product-type.bundle.unit-test";
		};
/* End PBXNativeTarget section */

/* Begin PBXProject section */
		6331D1EB20DE77AC000C1232 /* Project object */ = {
			isa = PBXProject;
			attributes = {
				LastSwiftUpdateCheck = 0920;
				LastUpgradeCheck = 0920;
				ORGANIZATIONNAME = "Ashok Samal";
				TargetAttributes = {
					6331D1F220DE77AC000C1232 = {
						CreatedOnToolsVersion = 9.2;
						ProvisioningStyle = Automatic;
					};
					6331D20620DE77AC000C1232 = {
						CreatedOnToolsVersion = 9.2;
						ProvisioningStyle = Automatic;
						TestTargetID = 6331D1F220DE77AC000C1232;
					};
				};
			};
			buildConfigurationList = 6331D1EE20DE77AC000C1232 /* Build configuration list for PBXProject "GeographicalFactSheet" */;
			compatibilityVersion = "Xcode 8.0";
			developmentRegion = en;
			hasScannedForEncodings = 0;
			knownRegions = (
				en,
				Base,
			);
			mainGroup = 6331D1EA20DE77AC000C1232;
			productRefGroup = 6331D1F420DE77AC000C1232 /* Products */;
			projectDirPath = "";
			projectRoot = "";
			targets = (
				6331D1F220DE77AC000C1232 /* GeographicalFactSheet */,
				6331D20620DE77AC000C1232 /* GeographicalFactSheetTests */,
			);
		};
/* End PBXProject section */

/* Begin PBXResourcesBuildPhase section */
		6331D1F120DE77AC000C1232 /* Resources */ = {
			isa = PBXResourcesBuildPhase;
			buildActionMask = 2147483647;
			files = (
				6331D20120DE77AC000C1232 /* LaunchScreen.storyboard in Resources */,
				6394476320DECDFA00EEF695 /* noPhoto.png in Resources */,
				6331D22520DEA74E000C1232 /* placeholder.png in Resources */,
				6331D1FE20DE77AC000C1232 /* Assets.xcassets in Resources */,
			);
			runOnlyForDeploymentPostprocessing = 0;
		};
		6331D20520DE77AC000C1232 /* Resources */ = {
			isa = PBXResourcesBuildPhase;
			buildActionMask = 2147483647;
			files = (
			);
			runOnlyForDeploymentPostprocessing = 0;
		};
/* End PBXResourcesBuildPhase section */

/* Begin PBXShellScriptBuildPhase section */
		19D931429838FA92910832F2 /* [CP] Embed Pods Frameworks */ = {
			isa = PBXShellScriptBuildPhase;
			buildActionMask = 2147483647;
			files = (
			);
			inputPaths = (
				"${SRCROOT}/Pods/Target Support Files/Pods-GeographicalFactSheet/Pods-GeographicalFactSheet-frameworks.sh",
				"${BUILT_PRODUCTS_DIR}/Alamofire/Alamofire.framework",
				"${BUILT_PRODUCTS_DIR}/SDWebImage/SDWebImage.framework",
				"${BUILT_PRODUCTS_DIR}/SnapKit/SnapKit.framework",
			);
			name = "[CP] Embed Pods Frameworks";
			outputPaths = (
				"${TARGET_BUILD_DIR}/${FRAMEWORKS_FOLDER_PATH}/Alamofire.framework",
				"${TARGET_BUILD_DIR}/${FRAMEWORKS_FOLDER_PATH}/SDWebImage.framework",
				"${TARGET_BUILD_DIR}/${FRAMEWORKS_FOLDER_PATH}/SnapKit.framework",
			);
			runOnlyForDeploymentPostprocessing = 0;
			shellPath = /bin/sh;
			shellScript = "\"${SRCROOT}/Pods/Target Support Files/Pods-GeographicalFactSheet/Pods-GeographicalFactSheet-frameworks.sh\"\n";
			showEnvVarsInLog = 0;
		};
		6AA41CB94C271FFC13EB2ACF /* [CP] Check Pods Manifest.lock */ = {
			isa = PBXShellScriptBuildPhase;
			buildActionMask = 2147483647;
			files = (
			);
			inputPaths = (
				"${PODS_PODFILE_DIR_PATH}/Podfile.lock",
				"${PODS_ROOT}/Manifest.lock",
			);
			name = "[CP] Check Pods Manifest.lock";
			outputPaths = (
				"$(DERIVED_FILE_DIR)/Pods-GeographicalFactSheet-checkManifestLockResult.txt",
			);
			runOnlyForDeploymentPostprocessing = 0;
			shellPath = /bin/sh;
			shellScript = "diff \"${PODS_PODFILE_DIR_PATH}/Podfile.lock\" \"${PODS_ROOT}/Manifest.lock\" > /dev/null\nif [ $? != 0 ] ; then\n    # print error to STDERR\n    echo \"error: The sandbox is not in sync with the Podfile.lock. Run 'pod install' or update your CocoaPods installation.\" >&2\n    exit 1\nfi\n# This output is used by Xcode 'outputs' to avoid re-running this script phase.\necho \"SUCCESS\" > \"${SCRIPT_OUTPUT_FILE_0}\"\n";
			showEnvVarsInLog = 0;
		};
		B8341673AE4FEC09F018BD88 /* [CP] Check Pods Manifest.lock */ = {
			isa = PBXShellScriptBuildPhase;
			buildActionMask = 2147483647;
			files = (
			);
			inputPaths = (
				"${PODS_PODFILE_DIR_PATH}/Podfile.lock",
				"${PODS_ROOT}/Manifest.lock",
			);
			name = "[CP] Check Pods Manifest.lock";
			outputPaths = (
				"$(DERIVED_FILE_DIR)/Pods-GeographicalFactSheetTests-checkManifestLockResult.txt",
			);
			runOnlyForDeploymentPostprocessing = 0;
			shellPath = /bin/sh;
			shellScript = "diff \"${PODS_PODFILE_DIR_PATH}/Podfile.lock\" \"${PODS_ROOT}/Manifest.lock\" > /dev/null\nif [ $? != 0 ] ; then\n    # print error to STDERR\n    echo \"error: The sandbox is not in sync with the Podfile.lock. Run 'pod install' or update your CocoaPods installation.\" >&2\n    exit 1\nfi\n# This output is used by Xcode 'outputs' to avoid re-running this script phase.\necho \"SUCCESS\" > \"${SCRIPT_OUTPUT_FILE_0}\"\n";
			showEnvVarsInLog = 0;
		};
/* End PBXShellScriptBuildPhase section */

/* Begin PBXSourcesBuildPhase section */
		6331D1EF20DE77AC000C1232 /* Sources */ = {
			isa = PBXSourcesBuildPhase;
			buildActionMask = 2147483647;
			files = (
				6331D21920DE8F8C000C1232 /* FactSheet.swift in Sources */,
				6331D22120DE9500000C1232 /* FactSheetService.swift in Sources */,
				6331D22320DEA530000C1232 /* FactTableViewCell.swift in Sources */,
				6331D1F920DE77AC000C1232 /* FactSheetViewController.swift in Sources */,
				6331D1F720DE77AC000C1232 /* AppDelegate.swift in Sources */,
				6394476120DEC77500EEF695 /* Constants.swift in Sources */,
			);
			runOnlyForDeploymentPostprocessing = 0;
		};
		6331D20320DE77AC000C1232 /* Sources */ = {
			isa = PBXSourcesBuildPhase;
			buildActionMask = 2147483647;
			files = (
				6331D20C20DE77AC000C1232 /* GeographicalFactSheetTests.swift in Sources */,
			);
			runOnlyForDeploymentPostprocessing = 0;
		};
/* End PBXSourcesBuildPhase section */

/* Begin PBXTargetDependency section */
		6331D20920DE77AC000C1232 /* PBXTargetDependency */ = {
			isa = PBXTargetDependency;
			target = 6331D1F220DE77AC000C1232 /* GeographicalFactSheet */;
			targetProxy = 6331D20820DE77AC000C1232 /* PBXContainerItemProxy */;
		};
/* End PBXTargetDependency section */

/* Begin PBXVariantGroup section */
		6331D1FF20DE77AC000C1232 /* LaunchScreen.storyboard */ = {
			isa = PBXVariantGroup;
			children = (
				6331D20020DE77AC000C1232 /* Base */,
			);
			name = LaunchScreen.storyboard;
			sourceTree = "<group>";
		};
/* End PBXVariantGroup section */

/* Begin XCBuildConfiguration section */
		6331D20E20DE77AC000C1232 /* Debug */ = {
			isa = XCBuildConfiguration;
			buildSettings = {
				ALWAYS_SEARCH_USER_PATHS = NO;
				CLANG_ANALYZER_NONNULL = YES;
				CLANG_ANALYZER_NUMBER_OBJECT_CONVERSION = YES_AGGRESSIVE;
				CLANG_CXX_LANGUAGE_STANDARD = "gnu++14";
				CLANG_CXX_LIBRARY = "libc++";
				CLANG_ENABLE_MODULES = YES;
				CLANG_ENABLE_OBJC_ARC = YES;
				CLANG_WARN_BLOCK_CAPTURE_AUTORELEASING = YES;
				CLANG_WARN_BOOL_CONVERSION = YES;
				CLANG_WARN_COMMA = YES;
				CLANG_WARN_CONSTANT_CONVERSION = YES;
				CLANG_WARN_DIRECT_OBJC_ISA_USAGE = YES_ERROR;
				CLANG_WARN_DOCUMENTATION_COMMENTS = YES;
				CLANG_WARN_EMPTY_BODY = YES;
				CLANG_WARN_ENUM_CONVERSION = YES;
				CLANG_WARN_INFINITE_RECURSION = YES;
				CLANG_WARN_INT_CONVERSION = YES;
				CLANG_WARN_NON_LITERAL_NULL_CONVERSION = YES;
				CLANG_WARN_OBJC_LITERAL_CONVERSION = YES;
				CLANG_WARN_OBJC_ROOT_CLASS = YES_ERROR;
				CLANG_WARN_RANGE_LOOP_ANALYSIS = YES;
				CLANG_WARN_STRICT_PROTOTYPES = YES;
				CLANG_WARN_SUSPICIOUS_MOVE = YES;
				CLANG_WARN_UNGUARDED_AVAILABILITY = YES_AGGRESSIVE;
				CLANG_WARN_UNREACHABLE_CODE = YES;
				CLANG_WARN__DUPLICATE_METHOD_MATCH = YES;
				CODE_SIGN_IDENTITY = "iPhone Developer";
				COPY_PHASE_STRIP = NO;
				DEBUG_INFORMATION_FORMAT = dwarf;
				ENABLE_STRICT_OBJC_MSGSEND = YES;
				ENABLE_TESTABILITY = YES;
				GCC_C_LANGUAGE_STANDARD = gnu11;
				GCC_DYNAMIC_NO_PIC = NO;
				GCC_NO_COMMON_BLOCKS = YES;
				GCC_OPTIMIZATION_LEVEL = 0;
				GCC_PREPROCESSOR_DEFINITIONS = (
					"DEBUG=1",
					"$(inherited)",
				);
				GCC_WARN_64_TO_32_BIT_CONVERSION = YES;
				GCC_WARN_ABOUT_RETURN_TYPE = YES_ERROR;
				GCC_WARN_UNDECLARED_SELECTOR = YES;
				GCC_WARN_UNINITIALIZED_AUTOS = YES_AGGRESSIVE;
				GCC_WARN_UNUSED_FUNCTION = YES;
				GCC_WARN_UNUSED_VARIABLE = YES;
				IPHONEOS_DEPLOYMENT_TARGET = 11.2;
				MTL_ENABLE_DEBUG_INFO = YES;
				ONLY_ACTIVE_ARCH = YES;
				SDKROOT = iphoneos;
				SWIFT_ACTIVE_COMPILATION_CONDITIONS = DEBUG;
				SWIFT_OPTIMIZATION_LEVEL = "-Onone";
			};
			name = Debug;
		};
		6331D20F20DE77AC000C1232 /* Release */ = {
			isa = XCBuildConfiguration;
			buildSettings = {
				ALWAYS_SEARCH_USER_PATHS = NO;
				CLANG_ANALYZER_NONNULL = YES;
				CLANG_ANALYZER_NUMBER_OBJECT_CONVERSION = YES_AGGRESSIVE;
				CLANG_CXX_LANGUAGE_STANDARD = "gnu++14";
				CLANG_CXX_LIBRARY = "libc++";
				CLANG_ENABLE_MODULES = YES;
				CLANG_ENABLE_OBJC_ARC = YES;
				CLANG_WARN_BLOCK_CAPTURE_AUTORELEASING = YES;
				CLANG_WARN_BOOL_CONVERSION = YES;
				CLANG_WARN_COMMA = YES;
				CLANG_WARN_CONSTANT_CONVERSION = YES;
				CLANG_WARN_DIRECT_OBJC_ISA_USAGE = YES_ERROR;
				CLANG_WARN_DOCUMENTATION_COMMENTS = YES;
				CLANG_WARN_EMPTY_BODY = YES;
				CLANG_WARN_ENUM_CONVERSION = YES;
				CLANG_WARN_INFINITE_RECURSION = YES;
				CLANG_WARN_INT_CONVERSION = YES;
				CLANG_WARN_NON_LITERAL_NULL_CONVERSION = YES;
				CLANG_WARN_OBJC_LITERAL_CONVERSION = YES;
				CLANG_WARN_OBJC_ROOT_CLASS = YES_ERROR;
				CLANG_WARN_RANGE_LOOP_ANALYSIS = YES;
				CLANG_WARN_STRICT_PROTOTYPES = YES;
				CLANG_WARN_SUSPICIOUS_MOVE = YES;
				CLANG_WARN_UNGUARDED_AVAILABILITY = YES_AGGRESSIVE;
				CLANG_WARN_UNREACHABLE_CODE = YES;
				CLANG_WARN__DUPLICATE_METHOD_MATCH = YES;
				CODE_SIGN_IDENTITY = "iPhone Developer";
				COPY_PHASE_STRIP = NO;
				DEBUG_INFORMATION_FORMAT = "dwarf-with-dsym";
				ENABLE_NS_ASSERTIONS = NO;
				ENABLE_STRICT_OBJC_MSGSEND = YES;
				GCC_C_LANGUAGE_STANDARD = gnu11;
				GCC_NO_COMMON_BLOCKS = YES;
				GCC_WARN_64_TO_32_BIT_CONVERSION = YES;
				GCC_WARN_ABOUT_RETURN_TYPE = YES_ERROR;
				GCC_WARN_UNDECLARED_SELECTOR = YES;
				GCC_WARN_UNINITIALIZED_AUTOS = YES_AGGRESSIVE;
				GCC_WARN_UNUSED_FUNCTION = YES;
				GCC_WARN_UNUSED_VARIABLE = YES;
				IPHONEOS_DEPLOYMENT_TARGET = 11.2;
				MTL_ENABLE_DEBUG_INFO = NO;
				SDKROOT = iphoneos;
				SWIFT_OPTIMIZATION_LEVEL = "-Owholemodule";
				VALIDATE_PRODUCT = YES;
			};
			name = Release;
		};
		6331D21120DE77AC000C1232 /* Debug */ = {
			isa = XCBuildConfiguration;
			baseConfigurationReference = 6DBEB38750083320DBB451EA /* Pods-GeographicalFactSheet.debug.xcconfig */;
			buildSettings = {
				ASSETCATALOG_COMPILER_APPICON_NAME = AppIcon;
				CODE_SIGN_STYLE = Automatic;
				DEVELOPMENT_TEAM = XB38FT79JA;
				INFOPLIST_FILE = GeographicalFactSheet/Info.plist;
				LD_RUNPATH_SEARCH_PATHS = "$(inherited) @executable_path/Frameworks";
				PRODUCT_BUNDLE_IDENTIFIER = com.ashoksamal.GeographicalFactSheet;
				PRODUCT_NAME = "$(TARGET_NAME)";
				SWIFT_VERSION = 4.0;
				TARGETED_DEVICE_FAMILY = "1,2";
			};
			name = Debug;
		};
		6331D21220DE77AC000C1232 /* Release */ = {
			isa = XCBuildConfiguration;
			baseConfigurationReference = 07B4EE99278C351BF56C1EFB /* Pods-GeographicalFactSheet.release.xcconfig */;
			buildSettings = {
				ASSETCATALOG_COMPILER_APPICON_NAME = AppIcon;
				CODE_SIGN_STYLE = Automatic;
				DEVELOPMENT_TEAM = XB38FT79JA;
				INFOPLIST_FILE = GeographicalFactSheet/Info.plist;
				LD_RUNPATH_SEARCH_PATHS = "$(inherited) @executable_path/Frameworks";
				PRODUCT_BUNDLE_IDENTIFIER = com.ashoksamal.GeographicalFactSheet;
				PRODUCT_NAME = "$(TARGET_NAME)";
				SWIFT_VERSION = 4.0;
				TARGETED_DEVICE_FAMILY = "1,2";
			};
			name = Release;
		};
		6331D21420DE77AC000C1232 /* Debug */ = {
			isa = XCBuildConfiguration;
			baseConfigurationReference = C73E0DDF334873C7EED14585 /* Pods-GeographicalFactSheetTests.debug.xcconfig */;
			buildSettings = {
				ALWAYS_EMBED_SWIFT_STANDARD_LIBRARIES = YES;
				BUNDLE_LOADER = "$(TEST_HOST)";
				CODE_SIGN_STYLE = Automatic;
				DEVELOPMENT_TEAM = XB38FT79JA;
				INFOPLIST_FILE = GeographicalFactSheetTests/Info.plist;
				LD_RUNPATH_SEARCH_PATHS = "$(inherited) @executable_path/Frameworks @loader_path/Frameworks";
				PRODUCT_BUNDLE_IDENTIFIER = com.ashoksamal.GeographicalFactSheetTests;
				PRODUCT_NAME = "$(TARGET_NAME)";
				SWIFT_VERSION = 4.0;
				TARGETED_DEVICE_FAMILY = "1,2";
				TEST_HOST = "$(BUILT_PRODUCTS_DIR)/GeographicalFactSheet.app/GeographicalFactSheet";
			};
			name = Debug;
		};
		6331D21520DE77AC000C1232 /* Release */ = {
			isa = XCBuildConfiguration;
			baseConfigurationReference = B9AA6019B7F9D9A7FC259CCE /* Pods-GeographicalFactSheetTests.release.xcconfig */;
			buildSettings = {
				ALWAYS_EMBED_SWIFT_STANDARD_LIBRARIES = YES;
				BUNDLE_LOADER = "$(TEST_HOST)";
				CODE_SIGN_STYLE = Automatic;
				DEVELOPMENT_TEAM = XB38FT79JA;
				INFOPLIST_FILE = GeographicalFactSheetTests/Info.plist;
				LD_RUNPATH_SEARCH_PATHS = "$(inherited) @executable_path/Frameworks @loader_path/Frameworks";
				PRODUCT_BUNDLE_IDENTIFIER = com.ashoksamal.GeographicalFactSheetTests;
				PRODUCT_NAME = "$(TARGET_NAME)";
				SWIFT_VERSION = 4.0;
				TARGETED_DEVICE_FAMILY = "1,2";
				TEST_HOST = "$(BUILT_PRODUCTS_DIR)/GeographicalFactSheet.app/GeographicalFactSheet";
			};
			name = Release;
		};
/* End XCBuildConfiguration section */

/* Begin XCConfigurationList section */
		6331D1EE20DE77AC000C1232 /* Build configuration list for PBXProject "GeographicalFactSheet" */ = {
			isa = XCConfigurationList;
			buildConfigurations = (
				6331D20E20DE77AC000C1232 /* Debug */,
				6331D20F20DE77AC000C1232 /* Release */,
			);
			defaultConfigurationIsVisible = 0;
			defaultConfigurationName = Release;
		};
		6331D21020DE77AC000C1232 /* Build configuration list for PBXNativeTarget "GeographicalFactSheet" */ = {
			isa = XCConfigurationList;
			buildConfigurations = (
				6331D21120DE77AC000C1232 /* Debug */,
				6331D21220DE77AC000C1232 /* Release */,
			);
			defaultConfigurationIsVisible = 0;
			defaultConfigurationName = Release;
		};
		6331D21320DE77AC000C1232 /* Build configuration list for PBXNativeTarget "GeographicalFactSheetTests" */ = {
			isa = XCConfigurationList;
			buildConfigurations = (
				6331D21420DE77AC000C1232 /* Debug */,
				6331D21520DE77AC000C1232 /* Release */,
			);
			defaultConfigurationIsVisible = 0;
			defaultConfigurationName = Release;
		};
/* End XCConfigurationList section */
	};
	rootObject = 6331D1EB20DE77AC000C1232 /* Project object */;
}
